// !$*UTF8*$!
{
	archiveVersion = 1;
	classes = {
	};
	objectVersion = 48;
	objects = {

/* Begin PBXBuildFile section */
		63058B351FBA938F00EBAD17 /* AppDelegate.swift in Sources */ = {isa = PBXBuildFile; fileRef = 63058B341FBA938F00EBAD17 /* AppDelegate.swift */; };
		63058B371FBA938F00EBAD17 /* FirstViewController.swift in Sources */ = {isa = PBXBuildFile; fileRef = 63058B361FBA938F00EBAD17 /* FirstViewController.swift */; };
		63058B391FBA938F00EBAD17 /* SecondViewController.swift in Sources */ = {isa = PBXBuildFile; fileRef = 63058B381FBA938F00EBAD17 /* SecondViewController.swift */; };
		63058B3C1FBA938F00EBAD17 /* Main.storyboard in Resources */ = {isa = PBXBuildFile; fileRef = 63058B3A1FBA938F00EBAD17 /* Main.storyboard */; };
		63058B3E1FBA938F00EBAD17 /* Assets.xcassets in Resources */ = {isa = PBXBuildFile; fileRef = 63058B3D1FBA938F00EBAD17 /* Assets.xcassets */; };
		63058B411FBA938F00EBAD17 /* LaunchScreen.storyboard in Resources */ = {isa = PBXBuildFile; fileRef = 63058B3F1FBA938F00EBAD17 /* LaunchScreen.storyboard */; };
		E228DC4F9BB7B0A89DA3724A /* Pods_whereToEat.framework in Frameworks */ = {isa = PBXBuildFile; fileRef = 51B43F2A25CCB5C8A6720DCD /* Pods_whereToEat.framework */; };
/* End PBXBuildFile section */

/* Begin PBXFileReference section */
		51B43F2A25CCB5C8A6720DCD /* Pods_whereToEat.framework */ = {isa = PBXFileReference; explicitFileType = wrapper.framework; includeInIndex = 0; path = Pods_whereToEat.framework; sourceTree = BUILT_PRODUCTS_DIR; };
		63058B311FBA938F00EBAD17 /* whereToEat.app */ = {isa = PBXFileReference; explicitFileType = wrapper.application; includeInIndex = 0; path = whereToEat.app; sourceTree = BUILT_PRODUCTS_DIR; };
		63058B341FBA938F00EBAD17 /* AppDelegate.swift */ = {isa = PBXFileReference; lastKnownFileType = sourcecode.swift; path = AppDelegate.swift; sourceTree = "<group>"; };
		63058B361FBA938F00EBAD17 /* FirstViewController.swift */ = {isa = PBXFileReference; lastKnownFileType = sourcecode.swift; path = FirstViewController.swift; sourceTree = "<group>"; };
		63058B381FBA938F00EBAD17 /* SecondViewController.swift */ = {isa = PBXFileReference; lastKnownFileType = sourcecode.swift; path = SecondViewController.swift; sourceTree = "<group>"; };
		63058B3B1FBA938F00EBAD17 /* Base */ = {isa = PBXFileReference; lastKnownFileType = file.storyboard; name = Base; path = Base.lproj/Main.storyboard; sourceTree = "<group>"; };
		63058B3D1FBA938F00EBAD17 /* Assets.xcassets */ = {isa = PBXFileReference; lastKnownFileType = folder.assetcatalog; path = Assets.xcassets; sourceTree = "<group>"; };
		63058B401FBA938F00EBAD17 /* Base */ = {isa = PBXFileReference; lastKnownFileType = file.storyboard; name = Base; path = Base.lproj/LaunchScreen.storyboard; sourceTree = "<group>"; };
		63058B421FBA938F00EBAD17 /* Info.plist */ = {isa = PBXFileReference; lastKnownFileType = text.plist.xml; path = Info.plist; sourceTree = "<group>"; };
		644E0F76A67D00563326D2D7 /* Pods-whereToEat.release.xcconfig */ = {isa = PBXFileReference; includeInIndex = 1; lastKnownFileType = text.xcconfig; name = "Pods-whereToEat.release.xcconfig"; path = "Pods/Target Support Files/Pods-whereToEat/Pods-whereToEat.release.xcconfig"; sourceTree = "<group>"; };
		F868A75C7B0CFBA645A39927 /* Pods-whereToEat.debug.xcconfig */ = {isa = PBXFileReference; includeInIndex = 1; lastKnownFileType = text.xcconfig; name = "Pods-whereToEat.debug.xcconfig"; path = "Pods/Target Support Files/Pods-whereToEat/Pods-whereToEat.debug.xcconfig"; sourceTree = "<group>"; };
/* End PBXFileReference section */

/* Begin PBXFrameworksBuildPhase section */
		63058B2E1FBA938F00EBAD17 /* Frameworks */ = {
			isa = PBXFrameworksBuildPhase;
			buildActionMask = 2147483647;
			files = (
				E228DC4F9BB7B0A89DA3724A /* Pods_whereToEat.framework in Frameworks */,
			);
			runOnlyForDeploymentPostprocessing = 0;
		};
/* End PBXFrameworksBuildPhase section */

/* Begin PBXGroup section */
		63058B281FBA938F00EBAD17 = {
			isa = PBXGroup;
			children = (
				63058B331FBA938F00EBAD17 /* whereToEat */,
				63058B321FBA938F00EBAD17 /* Products */,
				F03D4AE69EC9439607DF04A4 /* Pods */,
				E1657ABDECD6A2A015D1E19C /* Frameworks */,
			);
			sourceTree = "<group>";
		};
		63058B321FBA938F00EBAD17 /* Products */ = {
			isa = PBXGroup;
			children = (
				63058B311FBA938F00EBAD17 /* whereToEat.app */,
			);
			name = Products;
			sourceTree = "<group>";
		};
		63058B331FBA938F00EBAD17 /* whereToEat */ = {
			isa = PBXGroup;
			children = (
				633771901FBAE3BA00FCB8A6 /* View Controllers */,
				6337718F1FBAE3AC00FCB8A6 /* Model */,
				63058B341FBA938F00EBAD17 /* AppDelegate.swift */,
				63058B3A1FBA938F00EBAD17 /* Main.storyboard */,
				63058B3D1FBA938F00EBAD17 /* Assets.xcassets */,
				63058B3F1FBA938F00EBAD17 /* LaunchScreen.storyboard */,
				63058B421FBA938F00EBAD17 /* Info.plist */,
			);
			path = whereToEat;
			sourceTree = "<group>";
		};
		6337718F1FBAE3AC00FCB8A6 /* Model */ = {
			isa = PBXGroup;
			children = (
			);
			path = Model;
			sourceTree = "<group>";
		};
		633771901FBAE3BA00FCB8A6 /* View Controllers */ = {
			isa = PBXGroup;
			children = (
				63058B361FBA938F00EBAD17 /* FirstViewController.swift */,
				63058B381FBA938F00EBAD17 /* SecondViewController.swift */,
			);
			path = "View Controllers";
			sourceTree = "<group>";
		};
		E1657ABDECD6A2A015D1E19C /* Frameworks */ = {
			isa = PBXGroup;
			children = (
				51B43F2A25CCB5C8A6720DCD /* Pods_whereToEat.framework */,
			);
			name = Frameworks;
			sourceTree = "<group>";
		};
		F03D4AE69EC9439607DF04A4 /* Pods */ = {
			isa = PBXGroup;
			children = (
				F868A75C7B0CFBA645A39927 /* Pods-whereToEat.debug.xcconfig */,
				644E0F76A67D00563326D2D7 /* Pods-whereToEat.release.xcconfig */,
			);
			name = Pods;
			sourceTree = "<group>";
		};
/* End PBXGroup section */

/* Begin PBXNativeTarget section */
		63058B301FBA938F00EBAD17 /* whereToEat */ = {
			isa = PBXNativeTarget;
			buildConfigurationList = 63058B451FBA938F00EBAD17 /* Build configuration list for PBXNativeTarget "whereToEat" */;
			buildPhases = (
				6AD060BD49AFE20D96BECB05 /* [CP] Check Pods Manifest.lock */,
				63058B2D1FBA938F00EBAD17 /* Sources */,
				63058B2E1FBA938F00EBAD17 /* Frameworks */,
				63058B2F1FBA938F00EBAD17 /* Resources */,
				9DD27E8D7E4399F501DF6C1C /* [CP] Embed Pods Frameworks */,
				76C37F23B892BB0D8C3B49F0 /* [CP] Copy Pods Resources */,
			);
			buildRules = (
			);
			dependencies = (
			);
			name = whereToEat;
			productName = whereToEat;
			productReference = 63058B311FBA938F00EBAD17 /* whereToEat.app */;
			productType = "com.apple.product-type.application";
		};
/* End PBXNativeTarget section */

/* Begin PBXProject section */
		63058B291FBA938F00EBAD17 /* Project object */ = {
			isa = PBXProject;
			attributes = {
				LastSwiftUpdateCheck = 0900;
				LastUpgradeCheck = 0900;
				ORGANIZATIONNAME = "Sally Yen";
				TargetAttributes = {
					63058B301FBA938F00EBAD17 = {
						CreatedOnToolsVersion = 9.0;
						ProvisioningStyle = Automatic;
					};
				};
			};
			buildConfigurationList = 63058B2C1FBA938F00EBAD17 /* Build configuration list for PBXProject "whereToEat" */;
			compatibilityVersion = "Xcode 8.0";
			developmentRegion = en;
			hasScannedForEncodings = 0;
			knownRegions = (
				en,
				Base,
			);
			mainGroup = 63058B281FBA938F00EBAD17;
			productRefGroup = 63058B321FBA938F00EBAD17 /* Products */;
			projectDirPath = "";
			projectRoot = "";
			targets = (
				63058B301FBA938F00EBAD17 /* whereToEat */,
			);
		};
/* End PBXProject section */

/* Begin PBXResourcesBuildPhase section */
		63058B2F1FBA938F00EBAD17 /* Resources */ = {
			isa = PBXResourcesBuildPhase;
			buildActionMask = 2147483647;
			files = (
				63058B411FBA938F00EBAD17 /* LaunchScreen.storyboard in Resources */,
				63058B3E1FBA938F00EBAD17 /* Assets.xcassets in Resources */,
				63058B3C1FBA938F00EBAD17 /* Main.storyboard in Resources */,
			);
			runOnlyForDeploymentPostprocessing = 0;
		};
/* End PBXResourcesBuildPhase section */

/* Begin PBXShellScriptBuildPhase section */
		6AD060BD49AFE20D96BECB05 /* [CP] Check Pods Manifest.lock */ = {
			isa = PBXShellScriptBuildPhase;
			buildActionMask = 2147483647;
			files = (
			);
			inputPaths = (
				"${PODS_PODFILE_DIR_PATH}/Podfile.lock",
				"${PODS_ROOT}/Manifest.lock",
			);
			name = "[CP] Check Pods Manifest.lock";
			outputPaths = (
				"$(DERIVED_FILE_DIR)/Pods-whereToEat-checkManifestLockResult.txt",
			);
			runOnlyForDeploymentPostprocessing = 0;
			shellPath = /bin/sh;
			shellScript = "diff \"${PODS_PODFILE_DIR_PATH}/Podfile.lock\" \"${PODS_ROOT}/Manifest.lock\" > /dev/null\nif [ $? != 0 ] ; then\n    # print error to STDERR\n    echo \"error: The sandbox is not in sync with the Podfile.lock. Run 'pod install' or update your CocoaPods installation.\" >&2\n    exit 1\nfi\n# This output is used by Xcode 'outputs' to avoid re-running this script phase.\necho \"SUCCESS\" > \"${SCRIPT_OUTPUT_FILE_0}\"\n";
			showEnvVarsInLog = 0;
		};
		76C37F23B892BB0D8C3B49F0 /* [CP] Copy Pods Resources */ = {
			isa = PBXShellScriptBuildPhase;
			buildActionMask = 2147483647;
			files = (
			);
			inputPaths = (
			);
			name = "[CP] Copy Pods Resources";
			outputPaths = (
			);
			runOnlyForDeploymentPostprocessing = 0;
			shellPath = /bin/sh;
			shellScript = "\"${SRCROOT}/Pods/Target Support Files/Pods-whereToEat/Pods-whereToEat-resources.sh\"\n";
			showEnvVarsInLog = 0;
		};
		9DD27E8D7E4399F501DF6C1C /* [CP] Embed Pods Frameworks */ = {
			isa = PBXShellScriptBuildPhase;
			buildActionMask = 2147483647;
			files = (
			);
			inputPaths = (
				"${SRCROOT}/Pods/Target Support Files/Pods-whereToEat/Pods-whereToEat-frameworks.sh",
				"${BUILT_PRODUCTS_DIR}/YelpAPI/YelpAPI.framework",
			);
			name = "[CP] Embed Pods Frameworks";
			outputPaths = (
				"${TARGET_BUILD_DIR}/${FRAMEWORKS_FOLDER_PATH}/YelpAPI.framework",
			);
			runOnlyForDeploymentPostprocessing = 0;
			shellPath = /bin/sh;
			shellScript = "\"${SRCROOT}/Pods/Target Support Files/Pods-whereToEat/Pods-whereToEat-frameworks.sh\"\n";
			showEnvVarsInLog = 0;
		};
/* End PBXShellScriptBuildPhase section */

/* Begin PBXSourcesBuildPhase section */
		63058B2D1FBA938F00EBAD17 /* Sources */ = {
			isa = PBXSourcesBuildPhase;
			buildActionMask = 2147483647;
			files = (
				63058B391FBA938F00EBAD17 /* SecondViewController.swift in Sources */,
				63058B351FBA938F00EBAD17 /* AppDelegate.swift in Sources */,
				63058B371FBA938F00EBAD17 /* FirstViewController.swift in Sources */,
			);
			runOnlyForDeploymentPostprocessing = 0;
		};
/* End PBXSourcesBuildPhase section */

/* Begin PBXVariantGroup section */
		63058B3A1FBA938F00EBAD17 /* Main.storyboard */ = {
			isa = PBXVariantGroup;
			children = (
				63058B3B1FBA938F00EBAD17 /* Base */,
			);
			name = Main.storyboard;
			sourceTree = "<group>";
		};
		63058B3F1FBA938F00EBAD17 /* LaunchScreen.storyboard */ = {
			isa = PBXVariantGroup;
			children = (
				63058B401FBA938F00EBAD17 /* Base */,
			);
			name = LaunchScreen.storyboard;
			sourceTree = "<group>";
		};
/* End PBXVariantGroup section */

/* Begin XCBuildConfiguration section */
		63058B431FBA938F00EBAD17 /* Debug */ = {
			isa = XCBuildConfiguration;
			buildSettings = {
				ALWAYS_SEARCH_USER_PATHS = NO;
				CLANG_ANALYZER_NONNULL = YES;
				CLANG_ANALYZER_NUMBER_OBJECT_CONVERSION = YES_AGGRESSIVE;
				CLANG_CXX_LANGUAGE_STANDARD = "gnu++14";
				CLANG_CXX_LIBRARY = "libc++";
				CLANG_ENABLE_MODULES = YES;
				CLANG_ENABLE_OBJC_ARC = YES;
				CLANG_WARN_BLOCK_CAPTURE_AUTORELEASING = YES;
				CLANG_WARN_BOOL_CONVERSION = YES;
				CLANG_WARN_COMMA = YES;
				CLANG_WARN_CONSTANT_CONVERSION = YES;
				CLANG_WARN_DIRECT_OBJC_ISA_USAGE = YES_ERROR;
				CLANG_WARN_DOCUMENTATION_COMMENTS = YES;
				CLANG_WARN_EMPTY_BODY = YES;
				CLANG_WARN_ENUM_CONVERSION = YES;
				CLANG_WARN_INFINITE_RECURSION = YES;
				CLANG_WARN_INT_CONVERSION = YES;
				CLANG_WARN_NON_LITERAL_NULL_CONVERSION = YES;
				CLANG_WARN_OBJC_LITERAL_CONVERSION = YES;
				CLANG_WARN_OBJC_ROOT_CLASS = YES_ERROR;
				CLANG_WARN_RANGE_LOOP_ANALYSIS = YES;
				CLANG_WARN_STRICT_PROTOTYPES = YES;
				CLANG_WARN_SUSPICIOUS_MOVE = YES;
				CLANG_WARN_UNGUARDED_AVAILABILITY = YES_AGGRESSIVE;
				CLANG_WARN_UNREACHABLE_CODE = YES;
				CLANG_WARN__DUPLICATE_METHOD_MATCH = YES;
				CODE_SIGN_IDENTITY = "iPhone Developer";
				COPY_PHASE_STRIP = NO;
				DEBUG_INFORMATION_FORMAT = dwarf;
				ENABLE_STRICT_OBJC_MSGSEND = YES;
				ENABLE_TESTABILITY = YES;
				GCC_C_LANGUAGE_STANDARD = gnu11;
				GCC_DYNAMIC_NO_PIC = NO;
				GCC_NO_COMMON_BLOCKS = YES;
				GCC_OPTIMIZATION_LEVEL = 0;
				GCC_PREPROCESSOR_DEFINITIONS = (
					"DEBUG=1",
					"$(inherited)",
				);
				GCC_WARN_64_TO_32_BIT_CONVERSION = YES;
				GCC_WARN_ABOUT_RETURN_TYPE = YES_ERROR;
				GCC_WARN_UNDECLARED_SELECTOR = YES;
				GCC_WARN_UNINITIALIZED_AUTOS = YES_AGGRESSIVE;
				GCC_WARN_UNUSED_FUNCTION = YES;
				GCC_WARN_UNUSED_VARIABLE = YES;
				IPHONEOS_DEPLOYMENT_TARGET = 11.0;
				MTL_ENABLE_DEBUG_INFO = YES;
				ONLY_ACTIVE_ARCH = YES;
				SDKROOT = iphoneos;
				SWIFT_ACTIVE_COMPILATION_CONDITIONS = DEBUG;
				SWIFT_OPTIMIZATION_LEVEL = "-Onone";
			};
			name = Debug;
		};
		63058B441FBA938F00EBAD17 /* Release */ = {
			isa = XCBuildConfiguration;
			buildSettings = {
				ALWAYS_SEARCH_USER_PATHS = NO;
				CLANG_ANALYZER_NONNULL = YES;
				CLANG_ANALYZER_NUMBER_OBJECT_CONVERSION = YES_AGGRESSIVE;
				CLANG_CXX_LANGUAGE_STANDARD = "gnu++14";
				CLANG_CXX_LIBRARY = "libc++";
				CLANG_ENABLE_MODULES = YES;
				CLANG_ENABLE_OBJC_ARC = YES;
				CLANG_WARN_BLOCK_CAPTURE_AUTORELEASING = YES;
				CLANG_WARN_BOOL_CONVERSION = YES;
				CLANG_WARN_COMMA = YES;
				CLANG_WARN_CONSTANT_CONVERSION = YES;
				CLANG_WARN_DIRECT_OBJC_ISA_USAGE = YES_ERROR;
				CLANG_WARN_DOCUMENTATION_COMMENTS = YES;
				CLANG_WARN_EMPTY_BODY = YES;
				CLANG_WARN_ENUM_CONVERSION = YES;
				CLANG_WARN_INFINITE_RECURSION = YES;
				CLANG_WARN_INT_CONVERSION = YES;
				CLANG_WARN_NON_LITERAL_NULL_CONVERSION = YES;
				CLANG_WARN_OBJC_LITERAL_CONVERSION = YES;
				CLANG_WARN_OBJC_ROOT_CLASS = YES_ERROR;
				CLANG_WARN_RANGE_LOOP_ANALYSIS = YES;
				CLANG_WARN_STRICT_PROTOTYPES = YES;
				CLANG_WARN_SUSPICIOUS_MOVE = YES;
				CLANG_WARN_UNGUARDED_AVAILABILITY = YES_AGGRESSIVE;
				CLANG_WARN_UNREACHABLE_CODE = YES;
				CLANG_WARN__DUPLICATE_METHOD_MATCH = YES;
				CODE_SIGN_IDENTITY = "iPhone Developer";
				COPY_PHASE_STRIP = NO;
				DEBUG_INFORMATION_FORMAT = "dwarf-with-dsym";
				ENABLE_NS_ASSERTIONS = NO;
				ENABLE_STRICT_OBJC_MSGSEND = YES;
				GCC_C_LANGUAGE_STANDARD = gnu11;
				GCC_NO_COMMON_BLOCKS = YES;
				GCC_WARN_64_TO_32_BIT_CONVERSION = YES;
				GCC_WARN_ABOUT_RETURN_TYPE = YES_ERROR;
				GCC_WARN_UNDECLARED_SELECTOR = YES;
				GCC_WARN_UNINITIALIZED_AUTOS = YES_AGGRESSIVE;
				GCC_WARN_UNUSED_FUNCTION = YES;
				GCC_WARN_UNUSED_VARIABLE = YES;
				IPHONEOS_DEPLOYMENT_TARGET = 11.0;
				MTL_ENABLE_DEBUG_INFO = NO;
				SDKROOT = iphoneos;
				SWIFT_OPTIMIZATION_LEVEL = "-Owholemodule";
				VALIDATE_PRODUCT = YES;
			};
			name = Release;
		};
		63058B461FBA938F00EBAD17 /* Debug */ = {
			isa = XCBuildConfiguration;
			baseConfigurationReference = F868A75C7B0CFBA645A39927 /* Pods-whereToEat.debug.xcconfig */;
			buildSettings = {
				ASSETCATALOG_COMPILER_APPICON_NAME = AppIcon;
				CODE_SIGN_STYLE = Automatic;
				INFOPLIST_FILE = whereToEat/Info.plist;
				LD_RUNPATH_SEARCH_PATHS = "$(inherited) @executable_path/Frameworks";
				PRODUCT_BUNDLE_IDENTIFIER = com.iosdecal.whereToEat;
				PRODUCT_NAME = "$(TARGET_NAME)";
				SWIFT_VERSION = 4.0;
				TARGETED_DEVICE_FAMILY = "1,2";
			};
			name = Debug;
		};
		63058B471FBA938F00EBAD17 /* Release */ = {
			isa = XCBuildConfiguration;
			baseConfigurationReference = 644E0F76A67D00563326D2D7 /* Pods-whereToEat.release.xcconfig */;
			buildSettings = {
				ASSETCATALOG_COMPILER_APPICON_NAME = AppIcon;
				CODE_SIGN_STYLE = Automatic;
				INFOPLIST_FILE = whereToEat/Info.plist;
				LD_RUNPATH_SEARCH_PATHS = "$(inherited) @executable_path/Frameworks";
				PRODUCT_BUNDLE_IDENTIFIER = com.iosdecal.whereToEat;
				PRODUCT_NAME = "$(TARGET_NAME)";
				SWIFT_VERSION = 4.0;
				TARGETED_DEVICE_FAMILY = "1,2";
			};
			name = Release;
		};
/* End XCBuildConfiguration section */

/* Begin XCConfigurationList section */
		63058B2C1FBA938F00EBAD17 /* Build configuration list for PBXProject "whereToEat" */ = {
			isa = XCConfigurationList;
			buildConfigurations = (
				63058B431FBA938F00EBAD17 /* Debug */,
				63058B441FBA938F00EBAD17 /* Release */,
			);
			defaultConfigurationIsVisible = 0;
			defaultConfigurationName = Release;
		};
		63058B451FBA938F00EBAD17 /* Build configuration list for PBXNativeTarget "whereToEat" */ = {
			isa = XCConfigurationList;
			buildConfigurations = (
				63058B461FBA938F00EBAD17 /* Debug */,
				63058B471FBA938F00EBAD17 /* Release */,
			);
			defaultConfigurationIsVisible = 0;
			defaultConfigurationName = Release;
		};
/* End XCConfigurationList section */
	};
	rootObject = 63058B291FBA938F00EBAD17 /* Project object */;
}
